Microsoft Visual Studio Solution File, Format Version 11.00
# Visual Studio 2010
Project("{FAE04EC0-301F-11D3-BF4B-00C04F79EFBC}") = "mz.erp.exe", "mz.erp.ui.exe\mz.erp.exe.csproj", "{EF4F53FA-1F4D-4292-8F88-4251DFE03043}"
	ProjectSection(ProjectDependencies) = postProject
		{23B55F01-BF06-4AA8-878D-FB579246D04B} = {23B55F01-BF06-4AA8-878D-FB579246D04B}
		{8B4A211F-FE26-4E55-98CA-F37A95D39EAA} = {8B4A211F-FE26-4E55-98CA-F37A95D39EAA}
		{00A91529-D08D-4FCA-85C9-5197260AC087} = {00A91529-D08D-4FCA-85C9-5197260AC087}
		{101C7640-9970-4AB6-9F25-E4784A583490} = {101C7640-9970-4AB6-9F25-E4784A583490}
		{6133DE5B-5AAD-40B0-9620-735228AD2EA6} = {6133DE5B-5AAD-40B0-9620-735228AD2EA6}
		{83540CDB-61E2-452F-B494-EB7C5EBAB91F} = {83540CDB-61E2-452F-B494-EB7C5EBAB91F}
		{9133E9E5-94BB-480F-8D43-6A7ED1A352A3} = {9133E9E5-94BB-480F-8D43-6A7ED1A352A3}
		{9D3E8AE6-DD14-46A8-9395-DFDD6CE2C6A5} = {9D3E8AE6-DD14-46A8-9395-DFDD6CE2C6A5}
		{186D09F1-0548-4C3C-A9EF-9E73A1EA49EC} = {186D09F1-0548-4C3C-A9EF-9E73A1EA49EC}
		{F09EF6FB-187C-4914-B5E8-7E86249BCBDD} = {F09EF6FB-187C-4914-B5E8-7E86249BCBDD}
	EndProjectSection
EndProject
Project("{FAE04EC0-301F-11D3-BF4B-00C04F79EFBC}") = "mz.erp.dataaccess.dll", "mz.erp.dataaccess.dll\mz.erp.dataaccess.dll.csproj", "{96019240-B19D-4587-B5B8-D442496DF5C8}"
EndProject
Project("{FAE04EC0-301F-11D3-BF4B-00C04F79EFBC}") = "mz.erp.businessrules.dll", "mz.erp.businessrules.dll\mz.erp.businessrules.dll.csproj", "{186D09F1-0548-4C3C-A9EF-9E73A1EA49EC}"
	ProjectSection(ProjectDependencies) = postProject
		{23B55F01-BF06-4AA8-878D-FB579246D04B} = {23B55F01-BF06-4AA8-878D-FB579246D04B}
		{8B4A211F-FE26-4E55-98CA-F37A95D39EAA} = {8B4A211F-FE26-4E55-98CA-F37A95D39EAA}
		{96019240-B19D-4587-B5B8-D442496DF5C8} = {96019240-B19D-4587-B5B8-D442496DF5C8}
	EndProjectSection
EndProject
Project("{FAE04EC0-301F-11D3-BF4B-00C04F79EFBC}") = "mz.erp.dbhelper.dll", "mz.erp.dbhelper\mz.erp.dbhelper.dll.csproj", "{8B4A211F-FE26-4E55-98CA-F37A95D39EAA}"
EndProject
Project("{FAE04EC0-301F-11D3-BF4B-00C04F79EFBC}") = "mz.erp.systemframework.dll", "mz.erp.systemframework.dll\mz.erp.systemframework.dll.csproj", "{9D3E8AE6-DD14-46A8-9395-DFDD6CE2C6A5}"
EndProject
Project("{FAE04EC0-301F-11D3-BF4B-00C04F79EFBC}") = "mz.erp.commontypes.dll", "mz.erp.commontypes.dll\mz.erp.commontypes.dll.csproj", "{23B55F01-BF06-4AA8-878D-FB579246D04B}"
EndProject
Project("{FAE04EC0-301F-11D3-BF4B-00C04F79EFBC}") = "mz.erp.fiscal.dll", "mz.erp.fiscal.dll\mz.erp.fiscal.dll.csproj", "{F09EF6FB-187C-4914-B5E8-7E86249BCBDD}"
EndProject
Project("{F184B08F-C81C-45F6-A57F-5ABD9991F28F}") = "ExceptionManager", "ExceptionManager\ExceptionManager.vbproj", "{101C7640-9970-4AB6-9F25-E4784A583490}"
EndProject
Project("{FAE04EC0-301F-11D3-BF4B-00C04F79EFBC}") = "mz.erp.ui.controller.dll", "mz.erp.ui.controller.dll\mz.erp.ui.controller.dll.csproj", "{6133DE5B-5AAD-40B0-9620-735228AD2EA6}"
	ProjectSection(ProjectDependencies) = postProject
		{83540CDB-61E2-452F-B494-EB7C5EBAB91F} = {83540CDB-61E2-452F-B494-EB7C5EBAB91F}
	EndProjectSection
EndProject
Project("{FAE04EC0-301F-11D3-BF4B-00C04F79EFBC}") = "mz.erp.io.dll", "mz.erp.io.dll\mz.erp.io.dll.csproj", "{9133E9E5-94BB-480F-8D43-6A7ED1A352A3}"
EndProject
Project("{F184B08F-C81C-45F6-A57F-5ABD9991F28F}") = "mz.erp.security.dll", "mz.erp.security.dll\mz.erp.security.dll.vbproj", "{83540CDB-61E2-452F-B494-EB7C5EBAB91F}"
EndProject
Project("{FAE04EC0-301F-11D3-BF4B-00C04F79EFBC}") = "mz.erp.ui.dll", "mz.erp.ui.dll\mz.erp.ui.dll.csproj", "{00A91529-D08D-4FCA-85C9-5197260AC087}"
EndProject
Project("{2150E333-8FDC-42A3-9474-1A3956D46DE8}") = "lib", "lib", "{4FADA434-5CA7-4902-AC49-41CFF3AA4791}"
	ProjectSection(SolutionItems) = preProject
		lib\ActiveReports.Chart.dll = lib\ActiveReports.Chart.dll
		lib\ActiveReports.dll = lib\ActiveReports.dll
		lib\ActiveReports.HtmlExport.dll = lib\ActiveReports.HtmlExport.dll
		lib\ActiveReports.Interop.dll = lib\ActiveReports.Interop.dll
		lib\ActiveReports.PdfExport.dll = lib\ActiveReports.PdfExport.dll
		lib\ActiveReports.RtfExport.dll = lib\ActiveReports.RtfExport.dll
		lib\ActiveReports.TextExport.dll = lib\ActiveReports.TextExport.dll
		lib\ActiveReports.TiffExport.dll = lib\ActiveReports.TiffExport.dll
		lib\ActiveReports.Viewer.dll = lib\ActiveReports.Viewer.dll
		lib\ActiveReports.Web.Design.dll = lib\ActiveReports.Web.Design.dll
		lib\ActiveReports.Web.dll = lib\ActiveReports.Web.dll
		lib\ActiveReports.Wizards.Addin.dll = lib\ActiveReports.Wizards.Addin.dll
		lib\ActiveReports.XlsExport.dll = lib\ActiveReports.XlsExport.dll
		lib\AxInterop.ActiveInput.dll = lib\AxInterop.ActiveInput.dll
		lib\AxInterop.EPSON_Impresora_Fiscal.dll = lib\AxInterop.EPSON_Impresora_Fiscal.dll
		lib\Infragistics.UltraChart.v4.1.Design.dll = lib\Infragistics.UltraChart.v4.1.Design.dll
		lib\Infragistics.Win.UltraWinDataSource.v3.2.Design.dll = lib\Infragistics.Win.UltraWinDataSource.v3.2.Design.dll
		lib\Infragistics.Win.UltraWinGrid.v3.2.Design.dll = lib\Infragistics.Win.UltraWinGrid.v3.2.Design.dll
		lib\Infragistics2.Shared.v8.3.dll = lib\Infragistics2.Shared.v8.3.dll
		lib\Infragistics2.Win.Misc.v8.3.dll = lib\Infragistics2.Win.Misc.v8.3.dll
		lib\Infragistics2.Win.UltraWinChart.v8.3.dll = lib\Infragistics2.Win.UltraWinChart.v8.3.dll
		lib\Infragistics2.Win.UltraWinDataSource.v8.3.dll = lib\Infragistics2.Win.UltraWinDataSource.v8.3.dll
		lib\Infragistics2.Win.UltraWinDock.v8.3.dll = lib\Infragistics2.Win.UltraWinDock.v8.3.dll
		lib\Infragistics2.Win.UltraWinEditors.v8.3.dll = lib\Infragistics2.Win.UltraWinEditors.v8.3.dll
		lib\Infragistics2.Win.UltraWinExplorerBar.v8.3.dll = lib\Infragistics2.Win.UltraWinExplorerBar.v8.3.dll
		lib\Infragistics2.Win.UltraWinGrid.ExcelExport.v8.3.dll = lib\Infragistics2.Win.UltraWinGrid.ExcelExport.v8.3.dll
		lib\Infragistics2.Win.UltraWinGrid.v8.3.dll = lib\Infragistics2.Win.UltraWinGrid.v8.3.dll
		lib\Infragistics2.Win.UltraWinInkProvider.v8.3.dll = lib\Infragistics2.Win.UltraWinInkProvider.v8.3.dll
		lib\Infragistics2.Win.UltraWinListBar.v8.3.dll = lib\Infragistics2.Win.UltraWinListBar.v8.3.dll
		lib\Infragistics2.Win.UltraWinMaskedEdit.v8.3.dll = lib\Infragistics2.Win.UltraWinMaskedEdit.v8.3.dll
		lib\Infragistics2.Win.UltraWinSchedule.v8.3.dll = lib\Infragistics2.Win.UltraWinSchedule.v8.3.dll
		lib\Infragistics2.Win.UltraWinStatusBar.v8.3.dll = lib\Infragistics2.Win.UltraWinStatusBar.v8.3.dll
		lib\Infragistics2.Win.UltraWinTabbedMdi.v8.3.dll = lib\Infragistics2.Win.UltraWinTabbedMdi.v8.3.dll
		lib\Infragistics2.Win.UltraWinTabControl.v8.3.dll = lib\Infragistics2.Win.UltraWinTabControl.v8.3.dll
		lib\Infragistics2.Win.UltraWinToolbars.v8.3.dll = lib\Infragistics2.Win.UltraWinToolbars.v8.3.dll
		lib\Infragistics2.Win.UltraWinTree.v8.3.dll = lib\Infragistics2.Win.UltraWinTree.v8.3.dll
		lib\Infragistics2.Win.v8.3.dll = lib\Infragistics2.Win.v8.3.dll
		lib\Interop.ActiveInput.dll = lib\Interop.ActiveInput.dll
		lib\Interop.EPSON_Impresora_Fiscal.dll = lib\Interop.EPSON_Impresora_Fiscal.dll
		lib\Interop.EpsonFPHostControlX.dll = lib\Interop.EpsonFPHostControlX.dll
		lib\Interop.Excel.dll = lib\Interop.Excel.dll
		lib\Interop.FiscalPrinterLib.dll = lib\Interop.FiscalPrinterLib.dll
		lib\Janus.Windows.ButtonBar.dll = lib\Janus.Windows.ButtonBar.dll
		lib\Janus.Windows.CalendarCombo.dll = lib\Janus.Windows.CalendarCombo.dll
		lib\Janus.Windows.Common.dll = lib\Janus.Windows.Common.dll
		lib\Janus.Windows.ExplorerBar.dll = lib\Janus.Windows.ExplorerBar.dll
		lib\Janus.Windows.GridEX.dll = lib\Janus.Windows.GridEX.dll
		lib\Janus.Windows.Schedule.dll = lib\Janus.Windows.Schedule.dll
		lib\Janus.Windows.TimeLine.dll = lib\Janus.Windows.TimeLine.dll
	EndProjectSection
EndProject
Project("{2150E333-8FDC-42A3-9474-1A3956D46DE8}") = "resources", "resources", "{D1EAED35-688E-4CD9-A875-F85958A647D3}"
	ProjectSection(SolutionItems) = preProject
		resources\add_column24.bmp = resources\add_column24.bmp
		resources\add_row24.bmp = resources\add_row24.bmp
		resources\align_justify24.bmp = resources\align_justify24.bmp
		resources\arrowdown_blue24.bmp = resources\arrowdown_blue24.bmp
		resources\arrowleft_blue24.bmp = resources\arrowleft_blue24.bmp
		resources\arrowright_blue24.bmp = resources\arrowright_blue24.bmp
		resources\arrowright_red24.bmp = resources\arrowright_red24.bmp
		resources\back16.bmp = resources\back16.bmp
		resources\cancel16.bmp = resources\cancel16.bmp
		resources\cancel24.bmp = resources\cancel24.bmp
		resources\connect16.bmp = resources\connect16.bmp
		resources\copy16.bmp = resources\copy16.bmp
		resources\copy_to16.bmp = resources\copy_to16.bmp
		resources\cut16.bmp = resources\cut16.bmp
		resources\db_settings16.bmp = resources\db_settings16.bmp
		resources\db_settings24.bmp = resources\db_settings24.bmp
		resources\decompress24.bmp = resources\decompress24.bmp
		resources\delete16.bmp = resources\delete16.bmp
		resources\delete_row24.bmp = resources\delete_row24.bmp
		resources\disconnect16.bmp = resources\disconnect16.bmp
		resources\doc_map24.bmp = resources\doc_map24.bmp
		resources\drop_db16.bmp = resources\drop_db16.bmp
		resources\edit16.bmp = resources\edit16.bmp
		resources\favs16.bmp = resources\favs16.bmp
		resources\first16.bmp = resources\first16.bmp
		resources\folder_closed16.bmp = resources\folder_closed16.bmp
		resources\folder_open16.bmp = resources\folder_open16.bmp
		resources\folder_options16.bmp = resources\folder_options16.bmp
		resources\folders16.bmp = resources\folders16.bmp
		resources\footer24-Edit.bmp = resources\footer24-Edit.bmp
		resources\footer24.bmp = resources\footer24.bmp
		resources\format_painter24.bmp = resources\format_painter24.bmp
		resources\forward16.bmp = resources\forward16.bmp
		resources\header24.bmp = resources\header24.bmp
		resources\header_footer24.bmp = resources\header_footer24.bmp
		resources\history16.bmp = resources\history16.bmp
		resources\home_brown16.bmp = resources\home_brown16.bmp
		resources\home_green16.bmp = resources\home_green16.bmp
		resources\home_purple16.bmp = resources\home_purple16.bmp
		resources\home_yellow16.bmp = resources\home_yellow16.bmp
		resources\insert16.bmp = resources\insert16.bmp
		resources\last16.bmp = resources\last16.bmp
		resources\mail16.bmp = resources\mail16.bmp
		resources\merge_cells24.bmp = resources\merge_cells24.bmp
		resources\move_to16.bmp = resources\move_to16.bmp
		resources\mz.login.jpg = resources\mz.login.jpg
		resources\mz.splash.jpg = resources\mz.splash.jpg
		resources\new16.bmp = resources\new16.bmp
		resources\next16.bmp = resources\next16.bmp
		resources\ObservacionesClienteAdd.bmp = resources\ObservacionesClienteAdd.bmp
		resources\ObservacionesClienteVer.bmp = resources\ObservacionesClienteVer.bmp
		resources\open16.bmp = resources\open16.bmp
		resources\paste16.bmp = resources\paste16.bmp
		resources\post16.bmp = resources\post16.bmp
		resources\previous16.bmp = resources\previous16.bmp
		resources\print16.bmp = resources\print16.bmp
		resources\print_preview16.bmp = resources\print_preview16.bmp
		resources\print_setup24.bmp = resources\print_setup24.bmp
		resources\procedure16.bmp = resources\procedure16.bmp
		resources\properties16.bmp = resources\properties16.bmp
		resources\redo16.bmp = resources\redo16.bmp
		resources\redo_square16.bmp = resources\redo_square16.bmp
		resources\refresh16.bmp = resources\refresh16.bmp
		resources\register_db16.bmp = resources\register_db16.bmp
		resources\register_db24.bmp = resources\register_db24.bmp
		resources\rollback16.bmp = resources\rollback16.bmp
		resources\save16.bmp = resources\save16.bmp
		resources\save_green16.bmp = resources\save_green16.bmp
		resources\search16.bmp = resources\search16.bmp
		resources\security16.bmp = resources\security16.bmp
		resources\split_column24.bmp = resources\split_column24.bmp
		resources\split_row24.bmp = resources\split_row24.bmp
		resources\sql_execute16.bmp = resources\sql_execute16.bmp
		resources\sql_query16.bmp = resources\sql_query16.bmp
		resources\sql_scriptnew16.bmp = resources\sql_scriptnew16.bmp
		resources\sql_scriptsave16.bmp = resources\sql_scriptsave16.bmp
		resources\sqlscript_open16.bmp = resources\sqlscript_open16.bmp
		resources\stop16.bmp = resources\stop16.bmp
		resources\table16.bmp = resources\table16.bmp
		resources\Thumbs.db = resources\Thumbs.db
		resources\tree24.bmp = resources\tree24.bmp
		resources\treenode_add24.bmp = resources\treenode_add24.bmp
		resources\treenode_delete24.bmp = resources\treenode_delete24.bmp
		resources\treenode_edit24.bmp = resources\treenode_edit24.bmp
		resources\trffco7a.bmp = resources\trffco7a.bmp
		resources\undo16.bmp = resources\undo16.bmp
		resources\undo_square16.bmp = resources\undo_square16.bmp
		resources\up16.bmp = resources\up16.bmp
		resources\user_add16.bmp = resources\user_add16.bmp
		resources\user_add24.bmp = resources\user_add24.bmp
		resources\user_drop16.bmp = resources\user_drop16.bmp
		resources\user_drop24.bmp = resources\user_drop24.bmp
		resources\user_edit16.bmp = resources\user_edit16.bmp
		resources\user_edit24.bmp = resources\user_edit24.bmp
		resources\user_find24.bmp = resources\user_find24.bmp
		resources\users16.bmp = resources\users16.bmp
		resources\users24.bmp = resources\users24.bmp
		resources\view16.bmp = resources\view16.bmp
		resources\views16.bmp = resources\views16.bmp
	EndProjectSection
EndProject
Project("{2150E333-8FDC-42A3-9474-1A3956D46DE8}") = "Icons", "Icons", "{3667FBA4-5FBC-4E22-B2F1-A07F8C1A260C}"
	ProjectSection(SolutionItems) = preProject
		resources\Icons\abacus.ico = resources\Icons\abacus.ico
		resources\Icons\add_column24.bmp = resources\Icons\add_column24.bmp
		resources\Icons\add_row24.bmp = resources\Icons\add_row24.bmp
		resources\Icons\align_justify24.bmp = resources\Icons\align_justify24.bmp
		resources\Icons\amarillo.jpg = resources\Icons\amarillo.jpg
		resources\Icons\anulacion_pedido.bmp = resources\Icons\anulacion_pedido.bmp
		resources\Icons\anulacion_pedido48.bmp = resources\Icons\anulacion_pedido48.bmp
		resources\Icons\anulacion_transferencia.bmp = resources\Icons\anulacion_transferencia.bmp
		resources\Icons\anulacion_transferencia48.bmp = resources\Icons\anulacion_transferencia48.bmp
		resources\Icons\ArqueoCaja.bmp = resources\Icons\ArqueoCaja.bmp
		resources\Icons\arrowdown_blue24.bmp = resources\Icons\arrowdown_blue24.bmp
		resources\Icons\arrowleft_blue24.bmp = resources\Icons\arrowleft_blue24.bmp
		resources\Icons\arrowleft_red24.bmp = resources\Icons\arrowleft_red24.bmp
		resources\Icons\arrowright_blue24.bmp = resources\Icons\arrowright_blue24.bmp
		resources\Icons\arrowright_red24.bmp = resources\Icons\arrowright_red24.bmp
		resources\Icons\Atencion.bmp = resources\Icons\Atencion.bmp
		resources\Icons\back16.bmp = resources\Icons\back16.bmp
		resources\Icons\billete.bmp = resources\Icons\billete.bmp
		resources\Icons\CajaAbierta24.bmp = resources\Icons\CajaAbierta24.bmp
		resources\Icons\CajaCerrada24.bmp = resources\Icons\CajaCerrada24.bmp
		resources\Icons\cancel16.bmp = resources\Icons\cancel16.bmp
		resources\Icons\cancel24.bmp = resources\Icons\cancel24.bmp
		resources\Icons\CerrarSesion24.bmp = resources\Icons\CerrarSesion24.bmp
		resources\Icons\Coinstack.ico = resources\Icons\Coinstack.ico
		resources\Icons\CompPendDeImpresion.bmp = resources\Icons\CompPendDeImpresion.bmp
		resources\Icons\conference.ico = resources\Icons\conference.ico
		resources\Icons\confirmacion_pedido.bmp = resources\Icons\confirmacion_pedido.bmp
		resources\Icons\confirmacion_pedido48.bmp = resources\Icons\confirmacion_pedido48.bmp
		resources\Icons\confirmacion_transferencia.bmp = resources\Icons\confirmacion_transferencia.bmp
		resources\Icons\confirmacion_transferencia48.bmp = resources\Icons\confirmacion_transferencia48.bmp
		resources\Icons\connect16.bmp = resources\Icons\connect16.bmp
		resources\Icons\copy16.bmp = resources\Icons\copy16.bmp
		resources\Icons\copy_to16.bmp = resources\Icons\copy_to16.bmp
		resources\Icons\cut16.bmp = resources\Icons\cut16.bmp
		resources\Icons\db_settings16.bmp = resources\Icons\db_settings16.bmp
		resources\Icons\db_settings24.bmp = resources\Icons\db_settings24.bmp
		resources\Icons\decompress24.bmp = resources\Icons\decompress24.bmp
		resources\Icons\delete16.bmp = resources\Icons\delete16.bmp
		resources\Icons\delete_row24.bmp = resources\Icons\delete_row24.bmp
		resources\Icons\disconnect16.bmp = resources\Icons\disconnect16.bmp
		resources\Icons\discover.ico = resources\Icons\discover.ico
		resources\Icons\doc_map24.bmp = resources\Icons\doc_map24.bmp
		resources\Icons\drop_db16.bmp = resources\Icons\drop_db16.bmp
		resources\Icons\edit16.bmp = resources\Icons\edit16.bmp
		resources\Icons\error-icon1.png = resources\Icons\error-icon1.png
		resources\Icons\Export16x16.ico = resources\Icons\Export16x16.ico
		resources\Icons\FactManual24.bmp = resources\Icons\FactManual24.bmp
		resources\Icons\favs16.bmp = resources\Icons\favs16.bmp
		resources\Icons\FINANCE.ICO = resources\Icons\FINANCE.ICO
		resources\Icons\first16.bmp = resources\Icons\first16.bmp
		resources\Icons\folder_closed16.bmp = resources\Icons\folder_closed16.bmp
		resources\Icons\folder_open16.bmp = resources\Icons\folder_open16.bmp
		resources\Icons\folder_options16.bmp = resources\Icons\folder_options16.bmp
		resources\Icons\folders16.bmp = resources\Icons\folders16.bmp
		resources\Icons\fondoSemaforo.jpg = resources\Icons\fondoSemaforo.jpg
		resources\Icons\footer24-Edit.bmp = resources\Icons\footer24-Edit.bmp
		resources\Icons\footer24.bmp = resources\Icons\footer24.bmp
		resources\Icons\footer24Prerend.bmp = resources\Icons\footer24Prerend.bmp
		resources\Icons\footer24Rend.bmp = resources\Icons\footer24Rend.bmp
		resources\Icons\format_painter24.bmp = resources\Icons\format_painter24.bmp
		resources\Icons\forward16.bmp = resources\Icons\forward16.bmp
		resources\Icons\glossy-error-icon.jpg = resources\Icons\glossy-error-icon.jpg
		resources\Icons\header24.bmp = resources\Icons\header24.bmp
		resources\Icons\header_footer24.bmp = resources\Icons\header_footer24.bmp
		resources\Icons\headerCopy24.bmp = resources\Icons\headerCopy24.bmp
		resources\Icons\help.png = resources\Icons\help.png
		resources\Icons\history16.bmp = resources\Icons\history16.bmp
		resources\Icons\home_brown16.bmp = resources\Icons\home_brown16.bmp
		resources\Icons\home_green16.bmp = resources\Icons\home_green16.bmp
		resources\Icons\home_purple16.bmp = resources\Icons\home_purple16.bmp
		resources\Icons\home_yellow16.bmp = resources\Icons\home_yellow16.bmp
		resources\Icons\insert16.bmp = resources\Icons\insert16.bmp
		resources\Icons\insert24.bmp = resources\Icons\insert24.bmp
		resources\Icons\last16.bmp = resources\Icons\last16.bmp
		resources\Icons\LightG.ico = resources\Icons\LightG.ico
		resources\Icons\LightR.ico = resources\Icons\LightR.ico
		resources\Icons\LightY.ico = resources\Icons\LightY.ico
		resources\Icons\Logo.jpg = resources\Icons\Logo.jpg
		resources\Icons\logochico.ico = resources\Icons\logochico.ico
		resources\Icons\logomaxi.jpg = resources\Icons\logomaxi.jpg
		resources\Icons\mail16.bmp = resources\Icons\mail16.bmp
		resources\Icons\merge_cells24.bmp = resources\Icons\merge_cells24.bmp
		resources\Icons\move_to16.bmp = resources\Icons\move_to16.bmp
		resources\Icons\mz.login.jpg = resources\Icons\mz.login.jpg
		resources\Icons\mz.splash.jpg = resources\Icons\mz.splash.jpg
		resources\Icons\new16.bmp = resources\Icons\new16.bmp
		resources\Icons\next16.bmp = resources\Icons\next16.bmp
		resources\Icons\ObservacionesClienteAdd.bmp = resources\Icons\ObservacionesClienteAdd.bmp
		resources\Icons\ObservacionesClienteVer.bmp = resources\Icons\ObservacionesClienteVer.bmp
		resources\Icons\on_line.bmp = resources\Icons\on_line.bmp
		resources\Icons\open16.bmp = resources\Icons\open16.bmp
		resources\Icons\paquete.bmp = resources\Icons\paquete.bmp
		resources\Icons\paste16.bmp = resources\Icons\paste16.bmp
		resources\Icons\pedido.bmp = resources\Icons\pedido.bmp
		resources\Icons\pedido48.bmp = resources\Icons\pedido48.bmp
		resources\Icons\post16.bmp = resources\Icons\post16.bmp
		resources\Icons\previous16.bmp = resources\Icons\previous16.bmp
		resources\Icons\print16.bmp = resources\Icons\print16.bmp
		resources\Icons\print_preview16.bmp = resources\Icons\print_preview16.bmp
		resources\Icons\print_setup24.bmp = resources\Icons\print_setup24.bmp
		resources\Icons\printSyncro.bmp = resources\Icons\printSyncro.bmp
		resources\Icons\procedure16.bmp = resources\Icons\procedure16.bmp
		resources\Icons\properties16.bmp = resources\Icons\properties16.bmp
		resources\Icons\Prueba.bmp = resources\Icons\Prueba.bmp
		resources\Icons\redo16.bmp = resources\Icons\redo16.bmp
		resources\Icons\redo_square16.bmp = resources\Icons\redo_square16.bmp
		resources\Icons\refresh16.bmp = resources\Icons\refresh16.bmp
		resources\Icons\register_db16.bmp = resources\Icons\register_db16.bmp
		resources\Icons\register_db24.bmp = resources\Icons\register_db24.bmp
		resources\Icons\rojo.jpg = resources\Icons\rojo.jpg
		resources\Icons\rollback16.bmp = resources\Icons\rollback16.bmp
		resources\Icons\save16.bmp = resources\Icons\save16.bmp
		resources\Icons\save_green16.bmp = resources\Icons\save_green16.bmp
		resources\Icons\search16.bmp = resources\Icons\search16.bmp
		resources\Icons\security16.bmp = resources\Icons\security16.bmp
		resources\Icons\split_column24.bmp = resources\Icons\split_column24.bmp
		resources\Icons\split_row24.bmp = resources\Icons\split_row24.bmp
		resources\Icons\sql_execute16.bmp = resources\Icons\sql_execute16.bmp
		resources\Icons\sql_query16.bmp = resources\Icons\sql_query16.bmp
		resources\Icons\sql_scriptnew16.bmp = resources\Icons\sql_scriptnew16.bmp
		resources\Icons\sql_scriptsave16.bmp = resources\Icons\sql_scriptsave16.bmp
		resources\Icons\sqlscript_open16.bmp = resources\Icons\sqlscript_open16.bmp
		resources\Icons\stop16.bmp = resources\Icons\stop16.bmp
		resources\Icons\table16.bmp = resources\Icons\table16.bmp
		resources\Icons\Thumbs.db = resources\Icons\Thumbs.db
		resources\Icons\transferencia.bmp = resources\Icons\transferencia.bmp
		resources\Icons\transferencia48.bmp = resources\Icons\transferencia48.bmp
		resources\Icons\Transporte.bmp = resources\Icons\Transporte.bmp
		resources\Icons\TransporteOk.bmp = resources\Icons\TransporteOk.bmp
		resources\Icons\tree24.bmp = resources\Icons\tree24.bmp
		resources\Icons\treenode_add24.bmp = resources\Icons\treenode_add24.bmp
		resources\Icons\treenode_delete24.bmp = resources\Icons\treenode_delete24.bmp
		resources\Icons\treenode_edit24.bmp = resources\Icons\treenode_edit24.bmp
		resources\Icons\undo16.bmp = resources\Icons\undo16.bmp
		resources\Icons\undo_square16.bmp = resources\Icons\undo_square16.bmp
		resources\Icons\up16.bmp = resources\Icons\up16.bmp
		resources\Icons\user_add16.bmp = resources\Icons\user_add16.bmp
		resources\Icons\user_add24.bmp = resources\Icons\user_add24.bmp
		resources\Icons\user_ctacte.bmp = resources\Icons\user_ctacte.bmp
		resources\Icons\user_drop16.bmp = resources\Icons\user_drop16.bmp
		resources\Icons\user_drop24.bmp = resources\Icons\user_drop24.bmp
		resources\Icons\user_edit16.bmp = resources\Icons\user_edit16.bmp
		resources\Icons\user_edit16B.bmp = resources\Icons\user_edit16B.bmp
		resources\Icons\user_edit24.bmp = resources\Icons\user_edit24.bmp
		resources\Icons\user_find24.bmp = resources\Icons\user_find24.bmp
		resources\Icons\users16.bmp = resources\Icons\users16.bmp
		resources\Icons\users24.bmp = resources\Icons\users24.bmp
		resources\Icons\variacion_precios24.bmp = resources\Icons\variacion_precios24.bmp
		resources\Icons\verde.jpg = resources\Icons\verde.jpg
		resources\Icons\view16.bmp = resources\Icons\view16.bmp
		resources\Icons\views16.bmp = resources\Icons\views16.bmp
		resources\Icons\warning-icon.png = resources\Icons\warning-icon.png
	EndProjectSection
EndProject
Project("{2150E333-8FDC-42A3-9474-1A3956D46DE8}") = "Ocx", "Ocx", "{BF88CC11-8BB6-41EF-A2BE-85C72F005717}"
	ProjectSection(SolutionItems) = preProject
		resources\Ocx\AxInterop.EPSON_Impresora_Fiscal.dll = resources\Ocx\AxInterop.EPSON_Impresora_Fiscal.dll
		resources\Ocx\Fiscal051122.Ocx = resources\Ocx\Fiscal051122.Ocx
		resources\Ocx\Hasar320.ocx = resources\Ocx\Hasar320.ocx
		resources\Ocx\IFEpson.ocx = resources\Ocx\IFEpson.ocx
		resources\Ocx\Interop.EpsonFPHostControlX.dll = resources\Ocx\Interop.EpsonFPHostControlX.dll
		resources\Ocx\Interop.FiscalPrinterLib.dll = resources\Ocx\Interop.FiscalPrinterLib.dll
		resources\Ocx\SSInput1.ocx = resources\Ocx\SSInput1.ocx
		resources\Ocx\winfis32.dll = resources\Ocx\winfis32.dll
	EndProjectSection
EndProject
Project("{2150E333-8FDC-42A3-9474-1A3956D46DE8}") = "Reports", "Reports", "{45C4C82B-86CA-4660-9BFE-421AE234E41A}"
	ProjectSection(SolutionItems) = preProject
		resources\Reports\Copia de ReportImpuestos.RPX.config = resources\Reports\Copia de ReportImpuestos.RPX.config
		resources\Reports\logo.jpg = resources\Reports\logo.jpg
		resources\Reports\OrdenReparacion.rpx = resources\Reports\OrdenReparacion.rpx
		resources\Reports\Report1.rpx = resources\Reports\Report1.rpx
		resources\Reports\ReportCertificadoDeGarantia.rpx = resources\Reports\ReportCertificadoDeGarantia.rpx
		resources\Reports\ReportCertificadoDeGarantia.RPX.config = resources\Reports\ReportCertificadoDeGarantia.RPX.config
		resources\Reports\ReportCierreCaja.rpx = resources\Reports\ReportCierreCaja.rpx
		resources\Reports\ReportCierreCaja.RPX.config = resources\Reports\ReportCierreCaja.RPX.config
		resources\Reports\ReportCierreCajaBack.rpx = resources\Reports\ReportCierreCajaBack.rpx
		resources\Reports\ReportCierreCajaBack.RPX.config = resources\Reports\ReportCierreCajaBack.RPX.config
		resources\Reports\ReportClientes.rpx = resources\Reports\ReportClientes.rpx
		resources\Reports\ReportClientes.RPX.Config = resources\Reports\ReportClientes.RPX.Config
		resources\Reports\ReportCobranzasYPagos.rpx = resources\Reports\ReportCobranzasYPagos.rpx
		resources\Reports\ReportCobranzasYPagos.RPX.config = resources\Reports\ReportCobranzasYPagos.RPX.config
		resources\Reports\ReportComprobantes.rpx = resources\Reports\ReportComprobantes.rpx
		resources\Reports\ReportComprobantes.RPX.config = resources\Reports\ReportComprobantes.RPX.config
		resources\Reports\ReportComprobantesBack.rpx = resources\Reports\ReportComprobantesBack.rpx
		resources\Reports\ReportComprobantesBack.RPX.config = resources\Reports\ReportComprobantesBack.RPX.config
		resources\Reports\ReportComprobantesCompras.RPX.config = resources\Reports\ReportComprobantesCompras.RPX.config
		resources\Reports\ReportComprobantesComprasOrdenesDeCompras.rpx = resources\Reports\ReportComprobantesComprasOrdenesDeCompras.rpx
		resources\Reports\ReportComprobantesComprasPagos.rpx = resources\Reports\ReportComprobantesComprasPagos.rpx
		resources\Reports\ReportComprobantesComprasPagos.rpx.config = resources\Reports\ReportComprobantesComprasPagos.rpx.config
		resources\Reports\ReportComprobantesComprasPreOrdenesDeCompras.rpx = resources\Reports\ReportComprobantesComprasPreOrdenesDeCompras.rpx
		resources\Reports\ReportComprobantesComprobantes de carga.rpx = resources\Reports\ReportComprobantesComprobantes de carga.rpx
		resources\Reports\ReportComprobantesCotizacionesRemitos.rpx = resources\Reports\ReportComprobantesCotizacionesRemitos.rpx
		resources\Reports\ReportComprobantesFacturas DV.rpx = resources\Reports\ReportComprobantesFacturas DV.rpx
		resources\Reports\ReportComprobantesFacturas.RPX.config = resources\Reports\ReportComprobantesFacturas.RPX.config
		resources\Reports\ReportComprobantesNotaDeCredito.rpx = resources\Reports\ReportComprobantesNotaDeCredito.rpx
		resources\Reports\ReportComprobantesNotaDeCreditoDV.rpx = resources\Reports\ReportComprobantesNotaDeCreditoDV.rpx
		resources\Reports\ReportComprobantesOrdenDePreparado.rpx = resources\Reports\ReportComprobantesOrdenDePreparado.rpx
		resources\Reports\ReportComprobantesOrdenDePreparado.RPX.config = resources\Reports\ReportComprobantesOrdenDePreparado.RPX.config
		resources\Reports\ReportComprobantesPrefacturas.rpx = resources\Reports\ReportComprobantesPrefacturas.rpx
		resources\Reports\ReportComprobantesPrefacturas.RPX.config = resources\Reports\ReportComprobantesPrefacturas.RPX.config
		resources\Reports\ReportComprobantesPrerendiciones.rpx = resources\Reports\ReportComprobantesPrerendiciones.rpx
		resources\Reports\ReportComprobantesPresupuestos Aceptados.rpx = resources\Reports\ReportComprobantesPresupuestos Aceptados.rpx
		resources\Reports\ReportComprobantesPresupuestos No Aceptados.rpx = resources\Reports\ReportComprobantesPresupuestos No Aceptados.rpx
		resources\Reports\ReportComprobantesPresupuestos Realizados.rpx = resources\Reports\ReportComprobantesPresupuestos Realizados.rpx
		resources\Reports\ReportComprobantesPresupuestos Rechazados.rpx = resources\Reports\ReportComprobantesPresupuestos Rechazados.rpx
		resources\Reports\ReportComprobantesPresupuestos.rpx = resources\Reports\ReportComprobantesPresupuestos.rpx
		resources\Reports\ReportComprobantesPresupuestos1.rpx = resources\Reports\ReportComprobantesPresupuestos1.rpx
		resources\Reports\ReportComprobantesPresupuestosBack.rpx = resources\Reports\ReportComprobantesPresupuestosBack.rpx
		resources\Reports\ReportComprobantesPresupuestosSet.rpx = resources\Reports\ReportComprobantesPresupuestosSet.rpx
		resources\Reports\ReportComprobantesPrueba.rpx = resources\Reports\ReportComprobantesPrueba.rpx
		resources\Reports\ReportComprobantesRemitoEntregaInterno.rpx = resources\Reports\ReportComprobantesRemitoEntregaInterno.rpx
		resources\Reports\ReportComprobantesRemitoEntregaInterno.RPX.config = resources\Reports\ReportComprobantesRemitoEntregaInterno.RPX.config
		resources\Reports\ReportComprobantesRemitos.rpx = resources\Reports\ReportComprobantesRemitos.rpx
		resources\Reports\ReportComprobantesRemitos.RPX.config = resources\Reports\ReportComprobantesRemitos.RPX.config
		resources\Reports\ReportComprobantesRendiciones.rpx = resources\Reports\ReportComprobantesRendiciones.rpx
		resources\Reports\ReportComprobanteTransferencia.rpx = resources\Reports\ReportComprobanteTransferencia.rpx
		resources\Reports\ReportComprobanteTransferencia.RPX.config = resources\Reports\ReportComprobanteTransferencia.RPX.config
		resources\Reports\ReportConsultaDeCajaDetallada.config = resources\Reports\ReportConsultaDeCajaDetallada.config
		resources\Reports\ReportConsultaDeCajaDetallada.rpx = resources\Reports\ReportConsultaDeCajaDetallada.rpx
		resources\Reports\ReportConsultaDeCajaDetallada.rpx.config = resources\Reports\ReportConsultaDeCajaDetallada.rpx.config
		resources\Reports\ReportConsultaOtrosComprobantes.rpx = resources\Reports\ReportConsultaOtrosComprobantes.rpx
		resources\Reports\ReportConsultaPosicionDeCajaDetallada.config = resources\Reports\ReportConsultaPosicionDeCajaDetallada.config
		resources\Reports\ReportConsultaPosicionDeCajaDetallada.rpx = resources\Reports\ReportConsultaPosicionDeCajaDetallada.rpx
		resources\Reports\ReportCuentaCorriente.rpx = resources\Reports\ReportCuentaCorriente.rpx
		resources\Reports\ReportCuentaCorriente.RPX.config = resources\Reports\ReportCuentaCorriente.RPX.config
		resources\Reports\ReportCuentaCorrienteBack.rpx = resources\Reports\ReportCuentaCorrienteBack.rpx
		resources\Reports\ReportCuentaCorrienteGeneral.rpx = resources\Reports\ReportCuentaCorrienteGeneral.rpx
		resources\Reports\ReportCuentaCorrienteGeneral.RPX.config = resources\Reports\ReportCuentaCorrienteGeneral.RPX.config
		resources\Reports\ReportCuentaCorrienteGeneralProveedores.rpx = resources\Reports\ReportCuentaCorrienteGeneralProveedores.rpx
		resources\Reports\ReportDetalleComprobante.rpx = resources\Reports\ReportDetalleComprobante.rpx
		resources\Reports\ReportDetalleComprobante.RPX.config = resources\Reports\ReportDetalleComprobante.RPX.config
		resources\Reports\ReporteDetalleRepuestos.rpx = resources\Reports\ReporteDetalleRepuestos.rpx
		resources\Reports\ReportImpuestos.rpx = resources\Reports\ReportImpuestos.rpx
		resources\Reports\ReportImpuestos.RPX.config = resources\Reports\ReportImpuestos.RPX.config
		resources\Reports\ReportImpuestosBack.rpx = resources\Reports\ReportImpuestosBack.rpx
		resources\Reports\ReportImpuestosBack.RPX.config = resources\Reports\ReportImpuestosBack.RPX.config
		resources\Reports\ReportImpuestosBack1.rpx = resources\Reports\ReportImpuestosBack1.rpx
		resources\Reports\ReportLibroDeIVA.rpx = resources\Reports\ReportLibroDeIVA.rpx
		resources\Reports\ReportLibroDeIVA.RPX.config = resources\Reports\ReportLibroDeIVA.RPX.config
		resources\Reports\ReportLibroDeIVACompras.rpx = resources\Reports\ReportLibroDeIVACompras.rpx
		resources\Reports\ReportLibroDeIVACompras.RPX.config = resources\Reports\ReportLibroDeIVACompras.RPX.config
		resources\Reports\ReportLibroDeIVATotalizado.rpx = resources\Reports\ReportLibroDeIVATotalizado.rpx
		resources\Reports\ReportLibroDeIVATotalizado.RPX.config = resources\Reports\ReportLibroDeIVATotalizado.RPX.config
		resources\Reports\ReportListaDePrecios.rpx = resources\Reports\ReportListaDePrecios.rpx
		resources\Reports\ReportListaDePrecios.RPX.config = resources\Reports\ReportListaDePrecios.RPX.config
		resources\Reports\ReportListaDePreciosWF.rpx = resources\Reports\ReportListaDePreciosWF.rpx
		resources\Reports\ReportListadoIngresosBrutos.rpx = resources\Reports\ReportListadoIngresosBrutos.rpx
		resources\Reports\ReportListadoIngresosBrutos.RPX.config = resources\Reports\ReportListadoIngresosBrutos.RPX.config
		resources\Reports\ReportListadoPercepcionIngresosBrutos.rpx = resources\Reports\ReportListadoPercepcionIngresosBrutos.rpx
		resources\Reports\ReportListadoPercepcionIngresosBrutos.RPX.config = resources\Reports\ReportListadoPercepcionIngresosBrutos.RPX.config
		resources\Reports\ReportListadoProductosConPrecioModificado.rpx = resources\Reports\ReportListadoProductosConPrecioModificado.rpx
		resources\Reports\ReportListarComprobantesPendientes.rpx = resources\Reports\ReportListarComprobantesPendientes.rpx
		resources\Reports\ReportMenues.rpx = resources\Reports\ReportMenues.rpx
		resources\Reports\ReportOrdenDeCompra.rpx = resources\Reports\ReportOrdenDeCompra.rpx
		resources\Reports\ReportOrdenDePreparado.rpx = resources\Reports\ReportOrdenDePreparado.rpx
		resources\Reports\ReportOrdenDePreparado.RPX.config = resources\Reports\ReportOrdenDePreparado.RPX.config
		resources\Reports\ReportPosicionDeCaja.rpx = resources\Reports\ReportPosicionDeCaja.rpx
		resources\Reports\ReportPosicionDeCaja.RPX.config = resources\Reports\ReportPosicionDeCaja.RPX.config
		resources\Reports\ReportPresupuestosBack.rpx = resources\Reports\ReportPresupuestosBack.rpx
		resources\Reports\ReportPruebaEventos.rpx = resources\Reports\ReportPruebaEventos.rpx
		resources\Reports\ReportRemito.rpx = resources\Reports\ReportRemito.rpx
		resources\Reports\ReportRemito.RPX.config = resources\Reports\ReportRemito.RPX.config
		resources\Reports\ReportRemitoEntregaInterno.rpx = resources\Reports\ReportRemitoEntregaInterno.rpx
		resources\Reports\ReportRemitoEntregaInterno.RPX.config = resources\Reports\ReportRemitoEntregaInterno.RPX.config
		resources\Reports\ReportRemitoEntregaInternoPorEnvio.rpx = resources\Reports\ReportRemitoEntregaInternoPorEnvio.rpx
		resources\Reports\ReportRemitoEntregaInternoPorEnvio.RPX.config = resources\Reports\ReportRemitoEntregaInternoPorEnvio.RPX.config
		resources\Reports\ReportRemitoEntregaInternoSubDetalleCompAsoc.rpx = resources\Reports\ReportRemitoEntregaInternoSubDetalleCompAsoc.rpx
		resources\Reports\ReportRemitoEntregaInternoSubDetalleCompAsoc.RPX.config = resources\Reports\ReportRemitoEntregaInternoSubDetalleCompAsoc.RPX.config
		resources\Reports\ReportRemitoHudson.rpx = resources\Reports\ReportRemitoHudson.rpx
		resources\Reports\ReportRemitoHudson.RPX.config = resources\Reports\ReportRemitoHudson.RPX.config
		resources\Reports\ReportRetenciones.rpx = resources\Reports\ReportRetenciones.rpx
		resources\Reports\ReportRetenciones.RPX.config = resources\Reports\ReportRetenciones.RPX.config
		resources\Reports\ReportRetencionGanancias.rpx = resources\Reports\ReportRetencionGanancias.rpx
		resources\Reports\ReportRetencionIIBB.rpx = resources\Reports\ReportRetencionIIBB.rpx
		resources\Reports\ReportStock.rpx = resources\Reports\ReportStock.rpx
		resources\Reports\ReportStock.RPX.Config = resources\Reports\ReportStock.RPX.Config
		resources\Reports\ReportStockDebajoMinimo.rpx = resources\Reports\ReportStockDebajoMinimo.rpx
		resources\Reports\ReportStockDebajoMinimo.RPX.Config = resources\Reports\ReportStockDebajoMinimo.RPX.Config
		resources\Reports\ReportStockNDias.rpx = resources\Reports\ReportStockNDias.rpx
		resources\Reports\SubReportCuentaCorriente.rpx = resources\Reports\SubReportCuentaCorriente.rpx
		resources\Reports\TemplatePaginaHorizontal.rpx = resources\Reports\TemplatePaginaHorizontal.rpx
		resources\Reports\TemplatePaginaVertical.rpx = resources\Reports\TemplatePaginaVertical.rpx
		resources\Reports\Thumbs.db = resources\Reports\Thumbs.db
	EndProjectSection
EndProject
Project("{2150E333-8FDC-42A3-9474-1A3956D46DE8}") = "XML", "XML", "{1DD5F552-7F96-458C-93E9-E217A4E23B8E}"
	ProjectSection(SolutionItems) = preProject
		resources\XML\MAPStaticInfoBDFDP.xml = resources\XML\MAPStaticInfoBDFDP.xml
		resources\XML\MAPStaticInfoFamilia.xml = resources\XML\MAPStaticInfoFamilia.xml
		resources\XML\MAPStaticInfoFDP.xml = resources\XML\MAPStaticInfoFDP.xml
	EndProjectSection
EndProject
Project("{2150E333-8FDC-42A3-9474-1A3956D46DE8}") = "16 bits", "16 bits", "{7855ABD1-2A05-4363-A326-2B77F0119938}"
	ProjectSection(SolutionItems) = preProject
		resources\Icons\16 bits\back16.bmp = resources\Icons\16 bits\back16.bmp
		resources\Icons\16 bits\cancel16.bmp = resources\Icons\16 bits\cancel16.bmp
		resources\Icons\16 bits\connect16.bmp = resources\Icons\16 bits\connect16.bmp
		resources\Icons\16 bits\copy16.bmp = resources\Icons\16 bits\copy16.bmp
		resources\Icons\16 bits\copy_to16.bmp = resources\Icons\16 bits\copy_to16.bmp
		resources\Icons\16 bits\cut16.bmp = resources\Icons\16 bits\cut16.bmp
		resources\Icons\16 bits\db_settings16.bmp = resources\Icons\16 bits\db_settings16.bmp
		resources\Icons\16 bits\delete16.bmp = resources\Icons\16 bits\delete16.bmp
		resources\Icons\16 bits\disconnect16.bmp = resources\Icons\16 bits\disconnect16.bmp
		resources\Icons\16 bits\drop_db16.bmp = resources\Icons\16 bits\drop_db16.bmp
		resources\Icons\16 bits\edit16.bmp = resources\Icons\16 bits\edit16.bmp
		resources\Icons\16 bits\Export16x16.ico = resources\Icons\16 bits\Export16x16.ico
		resources\Icons\16 bits\favs16.bmp = resources\Icons\16 bits\favs16.bmp
		resources\Icons\16 bits\first16.bmp = resources\Icons\16 bits\first16.bmp
		resources\Icons\16 bits\folder_closed16.bmp = resources\Icons\16 bits\folder_closed16.bmp
		resources\Icons\16 bits\folder_open16.bmp = resources\Icons\16 bits\folder_open16.bmp
		resources\Icons\16 bits\folder_options16.bmp = resources\Icons\16 bits\folder_options16.bmp
		resources\Icons\16 bits\folders16.bmp = resources\Icons\16 bits\folders16.bmp
		resources\Icons\16 bits\forward16.bmp = resources\Icons\16 bits\forward16.bmp
		resources\Icons\16 bits\history16.bmp = resources\Icons\16 bits\history16.bmp
		resources\Icons\16 bits\home_brown16.bmp = resources\Icons\16 bits\home_brown16.bmp
		resources\Icons\16 bits\home_green16.bmp = resources\Icons\16 bits\home_green16.bmp
		resources\Icons\16 bits\home_purple16.bmp = resources\Icons\16 bits\home_purple16.bmp
		resources\Icons\16 bits\home_yellow16.bmp = resources\Icons\16 bits\home_yellow16.bmp
		resources\Icons\16 bits\insert16.bmp = resources\Icons\16 bits\insert16.bmp
		resources\Icons\16 bits\last16.bmp = resources\Icons\16 bits\last16.bmp
		resources\Icons\16 bits\mail16.bmp = resources\Icons\16 bits\mail16.bmp
		resources\Icons\16 bits\move_to16.bmp = resources\Icons\16 bits\move_to16.bmp
		resources\Icons\16 bits\new16.bmp = resources\Icons\16 bits\new16.bmp
		resources\Icons\16 bits\next16.bmp = resources\Icons\16 bits\next16.bmp
		resources\Icons\16 bits\open16.bmp = resources\Icons\16 bits\open16.bmp
		resources\Icons\16 bits\paste16.bmp = resources\Icons\16 bits\paste16.bmp
		resources\Icons\16 bits\post16.bmp = resources\Icons\16 bits\post16.bmp
		resources\Icons\16 bits\previous16.bmp = resources\Icons\16 bits\previous16.bmp
		resources\Icons\16 bits\print16.bmp = resources\Icons\16 bits\print16.bmp
		resources\Icons\16 bits\print_preview16.bmp = resources\Icons\16 bits\print_preview16.bmp
		resources\Icons\16 bits\printSyncro.bmp = resources\Icons\16 bits\printSyncro.bmp
		resources\Icons\16 bits\procedure16.bmp = resources\Icons\16 bits\procedure16.bmp
		resources\Icons\16 bits\properties16.bmp = resources\Icons\16 bits\properties16.bmp
		resources\Icons\16 bits\redo16.bmp = resources\Icons\16 bits\redo16.bmp
		resources\Icons\16 bits\redo_square16.bmp = resources\Icons\16 bits\redo_square16.bmp
		resources\Icons\16 bits\refresh16.bmp = resources\Icons\16 bits\refresh16.bmp
		resources\Icons\16 bits\register_db16.bmp = resources\Icons\16 bits\register_db16.bmp
		resources\Icons\16 bits\rollback16.bmp = resources\Icons\16 bits\rollback16.bmp
		resources\Icons\16 bits\save16.bmp = resources\Icons\16 bits\save16.bmp
		resources\Icons\16 bits\save_green16.bmp = resources\Icons\16 bits\save_green16.bmp
		resources\Icons\16 bits\search16.bmp = resources\Icons\16 bits\search16.bmp
		resources\Icons\16 bits\security16.bmp = resources\Icons\16 bits\security16.bmp
		resources\Icons\16 bits\sql_execute16.bmp = resources\Icons\16 bits\sql_execute16.bmp
		resources\Icons\16 bits\sql_query16.bmp = resources\Icons\16 bits\sql_query16.bmp
		resources\Icons\16 bits\sql_scriptnew16.bmp = resources\Icons\16 bits\sql_scriptnew16.bmp
		resources\Icons\16 bits\sql_scriptsave16.bmp = resources\Icons\16 bits\sql_scriptsave16.bmp
		resources\Icons\16 bits\sqlscript_open16.bmp = resources\Icons\16 bits\sqlscript_open16.bmp
		resources\Icons\16 bits\stop16.bmp = resources\Icons\16 bits\stop16.bmp
		resources\Icons\16 bits\table16.bmp = resources\Icons\16 bits\table16.bmp
		resources\Icons\16 bits\Thumbs.db = resources\Icons\16 bits\Thumbs.db
		resources\Icons\16 bits\undo16.bmp = resources\Icons\16 bits\undo16.bmp
		resources\Icons\16 bits\undo_square16.bmp = resources\Icons\16 bits\undo_square16.bmp
		resources\Icons\16 bits\up16.bmp = resources\Icons\16 bits\up16.bmp
		resources\Icons\16 bits\user_add16.bmp = resources\Icons\16 bits\user_add16.bmp
		resources\Icons\16 bits\user_drop16.bmp = resources\Icons\16 bits\user_drop16.bmp
		resources\Icons\16 bits\user_edit16.bmp = resources\Icons\16 bits\user_edit16.bmp
		resources\Icons\16 bits\users16.bmp = resources\Icons\16 bits\users16.bmp
		resources\Icons\16 bits\view16.bmp = resources\Icons\16 bits\view16.bmp
		resources\Icons\16 bits\views16.bmp = resources\Icons\16 bits\views16.bmp
	EndProjectSection
EndProject
Project("{2150E333-8FDC-42A3-9474-1A3956D46DE8}") = "Epson", "Epson", "{FAAD74F6-D18A-40DD-A1E4-C7C8E293777E}"
	ProjectSection(SolutionItems) = preProject
		resources\Ocx\Epson\IFEpso1.CAB = resources\Ocx\Epson\IFEpso1.CAB
		resources\Ocx\Epson\IFEpso2.CAB = resources\Ocx\Epson\IFEpso2.CAB
		resources\Ocx\Epson\OCXFiscal.pdf = resources\Ocx\Epson\OCXFiscal.pdf
		resources\Ocx\Epson\Setup.lst = resources\Ocx\Epson\Setup.lst
	EndProjectSection
EndProject
Project("{2150E333-8FDC-42A3-9474-1A3956D46DE8}") = "EpsonLX300", "EpsonLX300", "{146AF4BA-B70B-4252-9C3D-1B6C0CD5E90E}"
	ProjectSection(SolutionItems) = preProject
		resources\Ocx\EpsonLX300\IFEpso1.CAB = resources\Ocx\EpsonLX300\IFEpso1.CAB
		resources\Ocx\EpsonLX300\IFEpso2.CAB = resources\Ocx\EpsonLX300\IFEpso2.CAB
		resources\Ocx\EpsonLX300\OCXFiscal.pdf = resources\Ocx\EpsonLX300\OCXFiscal.pdf
		resources\Ocx\EpsonLX300\Setup.lst = resources\Ocx\EpsonLX300\Setup.lst
	EndProjectSection
EndProject
Project("{2150E333-8FDC-42A3-9474-1A3956D46DE8}") = "Clientes", "Clientes", "{35ADA320-FBCE-4528-8842-83B5FCBD0634}"
	ProjectSection(SolutionItems) = preProject
		resources\Reports\Clientes\Bucchino ReportListaDePrecios.rpx = resources\Reports\Clientes\Bucchino ReportListaDePrecios.rpx
		resources\Reports\Clientes\Crusat ReportComprobantesFacturas.rpx = resources\Reports\Clientes\Crusat ReportComprobantesFacturas.rpx
		resources\Reports\Clientes\Crusat ReportComprobantesPresupuestos.rpx = resources\Reports\Clientes\Crusat ReportComprobantesPresupuestos.rpx
		resources\Reports\Clientes\Isadora ReportStockDebajoMinimo.rpx = resources\Reports\Clientes\Isadora ReportStockDebajoMinimo.rpx
		resources\Reports\Clientes\Isadora ReportStockDebajoMinimo.RPX.Config = resources\Reports\Clientes\Isadora ReportStockDebajoMinimo.RPX.Config
		resources\Reports\Clientes\Mincone ReportComprobantesFacturas DV.rpx = resources\Reports\Clientes\Mincone ReportComprobantesFacturas DV.rpx
		resources\Reports\Clientes\MZ ReportComprobantesFacturas DV.rpx = resources\Reports\Clientes\MZ ReportComprobantesFacturas DV.rpx
		resources\Reports\Clientes\MZ ReportComprobantesFacturas.rpx = resources\Reports\Clientes\MZ ReportComprobantesFacturas.rpx
		resources\Reports\Clientes\MZ ReportComprobantesPrerendiciones.rpx = resources\Reports\Clientes\MZ ReportComprobantesPrerendiciones.rpx
		resources\Reports\Clientes\MZ ReportComprobantesPresupuestos.rpx = resources\Reports\Clientes\MZ ReportComprobantesPresupuestos.rpx
		resources\Reports\Clientes\MZ ReportComprobantesRendiciones.rpx = resources\Reports\Clientes\MZ ReportComprobantesRendiciones.rpx
		resources\Reports\Clientes\MZ ReportListaDePrecios.config = resources\Reports\Clientes\MZ ReportListaDePrecios.config
		resources\Reports\Clientes\MZ ReportListaDePrecios.rpx = resources\Reports\Clientes\MZ ReportListaDePrecios.rpx
		resources\Reports\Clientes\MZ ReportStockDebajoMinimo.rpx = resources\Reports\Clientes\MZ ReportStockDebajoMinimo.rpx
		resources\Reports\Clientes\MZ ReportStockDebajoMinimo.RPX.Config = resources\Reports\Clientes\MZ ReportStockDebajoMinimo.RPX.Config
		resources\Reports\Clientes\Reigen ReportStockDebajoMinimo.RPX.Config = resources\Reports\Clientes\Reigen ReportStockDebajoMinimo.RPX.Config
		resources\Reports\Clientes\Viasur ReportComprobantesComprobantes de carga.rpx = resources\Reports\Clientes\Viasur ReportComprobantesComprobantes de carga.rpx
		resources\Reports\Clientes\Viasur ReportComprobantesOrdenes de carga.rpx = resources\Reports\Clientes\Viasur ReportComprobantesOrdenes de carga.rpx
		resources\Reports\Clientes\Viasur ReportComprobantesPresupuestos.rpx = resources\Reports\Clientes\Viasur ReportComprobantesPresupuestos.rpx
		resources\Reports\Clientes\Viasur ReportLibroDeIVA.rpx = resources\Reports\Clientes\Viasur ReportLibroDeIVA.rpx
		resources\Reports\Clientes\Viasur ReportLibroDeIVA.RPX.config = resources\Reports\Clientes\Viasur ReportLibroDeIVA.RPX.config
		resources\Reports\Clientes\Viasur ReportListaDePrecios.config = resources\Reports\Clientes\Viasur ReportListaDePrecios.config
		resources\Reports\Clientes\Viasur ReportListaDePrecios.rpx = resources\Reports\Clientes\Viasur ReportListaDePrecios.rpx
		resources\Reports\Clientes\Viasur ReportStock Ex.rpx = resources\Reports\Clientes\Viasur ReportStock Ex.rpx
		resources\Reports\Clientes\Viasur ReportStock.rpx = resources\Reports\Clientes\Viasur ReportStock.rpx
		resources\Reports\Clientes\Zeoli ReportComprobantesPrerendiciones.rpx = resources\Reports\Clientes\Zeoli ReportComprobantesPrerendiciones.rpx
		resources\Reports\Clientes\Zeoli ReportComprobantesRendiciones.rpx = resources\Reports\Clientes\Zeoli ReportComprobantesRendiciones.rpx
		resources\Reports\Clientes\Zeoli ReportLibroDeIVA.config = resources\Reports\Clientes\Zeoli ReportLibroDeIVA.config
		resources\Reports\Clientes\Zeoli ReportLibroDeIVA.rpx = resources\Reports\Clientes\Zeoli ReportLibroDeIVA.rpx
	EndProjectSection
EndProject
Project("{2150E333-8FDC-42A3-9474-1A3956D46DE8}") = "Crusat", "Crusat", "{35EA9805-27C5-4119-821C-8668F03925A5}"
	ProjectSection(SolutionItems) = preProject
		resources\Reports\Clientes\Crusat\ReportComprobantesFacturas.rpx = resources\Reports\Clientes\Crusat\ReportComprobantesFacturas.rpx
		resources\Reports\Clientes\Crusat\ReportComprobantesPresupuestos Aceptados.rpx = resources\Reports\Clientes\Crusat\ReportComprobantesPresupuestos Aceptados.rpx
		resources\Reports\Clientes\Crusat\ReportComprobantesPresupuestos No Aceptados.rpx = resources\Reports\Clientes\Crusat\ReportComprobantesPresupuestos No Aceptados.rpx
		resources\Reports\Clientes\Crusat\ReportComprobantesPresupuestos Realizados.rpx = resources\Reports\Clientes\Crusat\ReportComprobantesPresupuestos Realizados.rpx
		resources\Reports\Clientes\Crusat\ReportComprobantesPresupuestos Rechazados.rpx = resources\Reports\Clientes\Crusat\ReportComprobantesPresupuestos Rechazados.rpx
		resources\Reports\Clientes\Crusat\ReportComprobantesPresupuestos.rpx = resources\Reports\Clientes\Crusat\ReportComprobantesPresupuestos.rpx
		resources\Reports\Clientes\Crusat\ReportListarComprobantesPendientes.rpx = resources\Reports\Clientes\Crusat\ReportListarComprobantesPendientes.rpx
	EndProjectSection
EndProject
Project("{2150E333-8FDC-42A3-9474-1A3956D46DE8}") = "Temp", "Temp", "{405DBFF8-DBEE-40C8-BD08-C859D3846135}"
	ProjectSection(SolutionItems) = preProject
		resources\Reports\Clientes\Temp\ReportComprobantesPresupuestos.rpx = resources\Reports\Clientes\Temp\ReportComprobantesPresupuestos.rpx
		resources\Reports\Clientes\Temp\ReportListaDePrecios.config = resources\Reports\Clientes\Temp\ReportListaDePrecios.config
		resources\Reports\Clientes\Temp\ReportListaDePrecios.rpx = resources\Reports\Clientes\Temp\ReportListaDePrecios.rpx
		resources\Reports\Clientes\Temp\ReportStock.rpx = resources\Reports\Clientes\Temp\ReportStock.rpx
	EndProjectSection
EndProject
Project("{2150E333-8FDC-42A3-9474-1A3956D46DE8}") = "viejos", "viejos", "{621C8764-5FDD-409C-B17B-2AFFE6BCC26E}"
	ProjectSection(SolutionItems) = preProject
		resources\Reports\viejos\prueba.rpx = resources\Reports\viejos\prueba.rpx
		resources\Reports\viejos\Report1.rpx = resources\Reports\viejos\Report1.rpx
		resources\Reports\viejos\ReportCierreCajaBack.rpx = resources\Reports\viejos\ReportCierreCajaBack.rpx
		resources\Reports\viejos\ReportCierreCajaBack.RPX.config = resources\Reports\viejos\ReportCierreCajaBack.RPX.config
		resources\Reports\viejos\ReportComprobantesBack.rpx = resources\Reports\viejos\ReportComprobantesBack.rpx
		resources\Reports\viejos\ReportComprobantesBack.RPX.config = resources\Reports\viejos\ReportComprobantesBack.RPX.config
		resources\Reports\viejos\ReportComprobantesFacturas.rpx = resources\Reports\viejos\ReportComprobantesFacturas.rpx
		resources\Reports\viejos\ReportComprobantesPrueba.rpx = resources\Reports\viejos\ReportComprobantesPrueba.rpx
		resources\Reports\viejos\ReportCuentaCorrienteBack.rpx = resources\Reports\viejos\ReportCuentaCorrienteBack.rpx
		resources\Reports\viejos\ReportImpuestosBack.rpx = resources\Reports\viejos\ReportImpuestosBack.rpx
		resources\Reports\viejos\ReportImpuestosBack.RPX.config = resources\Reports\viejos\ReportImpuestosBack.RPX.config
		resources\Reports\viejos\ReportImpuestosBack1.rpx = resources\Reports\viejos\ReportImpuestosBack1.rpx
	EndProjectSection
EndProject
Project("{2150E333-8FDC-42A3-9474-1A3956D46DE8}") = "anteriores", "anteriores", "{560C745B-6D65-4D28-82F1-11867DB0E594}"
	ProjectSection(SolutionItems) = preProject
		resources\XML\anteriores\MAPStaticInfoBDFDP.xml = resources\XML\anteriores\MAPStaticInfoBDFDP.xml
		resources\XML\anteriores\MAPStaticInfoFamilia.xml = resources\XML\anteriores\MAPStaticInfoFamilia.xml
		resources\XML\anteriores\MAPStaticInfoFDP.xml = resources\XML\anteriores\MAPStaticInfoFDP.xml
	EndProjectSection
EndProject
Project("{2150E333-8FDC-42A3-9474-1A3956D46DE8}") = "Originales", "Originales", "{929585DA-496A-4CFF-B5CA-46A9C59C7184}"
	ProjectSection(SolutionItems) = preProject
		resources\XML\Originales\MAPStaticInfoBDFDPOriginal.xml = resources\XML\Originales\MAPStaticInfoBDFDPOriginal.xml
		resources\XML\Originales\MAPStaticInfoFamiliaOriginal.xml = resources\XML\Originales\MAPStaticInfoFamiliaOriginal.xml
		resources\XML\Originales\MAPStaticInfoFDPOriginal.xml = resources\XML\Originales\MAPStaticInfoFDPOriginal.xml
	EndProjectSection
EndProject
Global
	GlobalSection(SolutionConfigurationPlatforms) = preSolution
		Debug|Any CPU = Debug|Any CPU
		Release|Any CPU = Release|Any CPU
	EndGlobalSection
	GlobalSection(ProjectConfigurationPlatforms) = postSolution
		{EF4F53FA-1F4D-4292-8F88-4251DFE03043}.Debug|Any CPU.ActiveCfg = Debug|Any CPU
		{EF4F53FA-1F4D-4292-8F88-4251DFE03043}.Debug|Any CPU.Build.0 = Debug|Any CPU
		{EF4F53FA-1F4D-4292-8F88-4251DFE03043}.Release|Any CPU.ActiveCfg = Release|Any CPU
		{96019240-B19D-4587-B5B8-D442496DF5C8}.Debug|Any CPU.ActiveCfg = Debug|Any CPU
		{96019240-B19D-4587-B5B8-D442496DF5C8}.Debug|Any CPU.Build.0 = Debug|Any CPU
		{96019240-B19D-4587-B5B8-D442496DF5C8}.Release|Any CPU.ActiveCfg = Release|Any CPU
		{186D09F1-0548-4C3C-A9EF-9E73A1EA49EC}.Debug|Any CPU.ActiveCfg = Debug|Any CPU
		{186D09F1-0548-4C3C-A9EF-9E73A1EA49EC}.Debug|Any CPU.Build.0 = Debug|Any CPU
		{186D09F1-0548-4C3C-A9EF-9E73A1EA49EC}.Release|Any CPU.ActiveCfg = Release|Any CPU
		{8B4A211F-FE26-4E55-98CA-F37A95D39EAA}.Debug|Any CPU.ActiveCfg = Debug|Any CPU
		{8B4A211F-FE26-4E55-98CA-F37A95D39EAA}.Debug|Any CPU.Build.0 = Debug|Any CPU
		{8B4A211F-FE26-4E55-98CA-F37A95D39EAA}.Release|Any CPU.ActiveCfg = Release|Any CPU
		{9D3E8AE6-DD14-46A8-9395-DFDD6CE2C6A5}.Debug|Any CPU.ActiveCfg = Debug|Any CPU
		{9D3E8AE6-DD14-46A8-9395-DFDD6CE2C6A5}.Debug|Any CPU.Build.0 = Debug|Any CPU
		{9D3E8AE6-DD14-46A8-9395-DFDD6CE2C6A5}.Release|Any CPU.ActiveCfg = Release|Any CPU
		{23B55F01-BF06-4AA8-878D-FB579246D04B}.Debug|Any CPU.ActiveCfg = Debug|Any CPU
		{23B55F01-BF06-4AA8-878D-FB579246D04B}.Debug|Any CPU.Build.0 = Debug|Any CPU
		{23B55F01-BF06-4AA8-878D-FB579246D04B}.Release|Any CPU.ActiveCfg = Release|Any CPU
		{F09EF6FB-187C-4914-B5E8-7E86249BCBDD}.Debug|Any CPU.ActiveCfg = Debug|Any CPU
		{F09EF6FB-187C-4914-B5E8-7E86249BCBDD}.Debug|Any CPU.Build.0 = Debug|Any CPU
		{F09EF6FB-187C-4914-B5E8-7E86249BCBDD}.Release|Any CPU.ActiveCfg = Release|Any CPU
		{101C7640-9970-4AB6-9F25-E4784A583490}.Debug|Any CPU.ActiveCfg = Debug|Any CPU
		{101C7640-9970-4AB6-9F25-E4784A583490}.Debug|Any CPU.Build.0 = Debug|Any CPU
		{101C7640-9970-4AB6-9F25-E4784A583490}.Release|Any CPU.ActiveCfg = Release|Any CPU
		{6133DE5B-5AAD-40B0-9620-735228AD2EA6}.Debug|Any CPU.ActiveCfg = Debug|Any CPU
		{6133DE5B-5AAD-40B0-9620-735228AD2EA6}.Debug|Any CPU.Build.0 = Debug|Any CPU
		{6133DE5B-5AAD-40B0-9620-735228AD2EA6}.Release|Any CPU.ActiveCfg = Release|Any CPU
		{6133DE5B-5AAD-40B0-9620-735228AD2EA6}.Release|Any CPU.Build.0 = Release|Any CPU
		{9133E9E5-94BB-480F-8D43-6A7ED1A352A3}.Debug|Any CPU.ActiveCfg = Debug|Any CPU
		{9133E9E5-94BB-480F-8D43-6A7ED1A352A3}.Debug|Any CPU.Build.0 = Debug|Any CPU
		{9133E9E5-94BB-480F-8D43-6A7ED1A352A3}.Release|Any CPU.ActiveCfg = Release|Any CPU
		{9133E9E5-94BB-480F-8D43-6A7ED1A352A3}.Release|Any CPU.Build.0 = Release|Any CPU
		{83540CDB-61E2-452F-B494-EB7C5EBAB91F}.Debug|Any CPU.ActiveCfg = Debug|Any CPU
		{83540CDB-61E2-452F-B494-EB7C5EBAB91F}.Debug|Any CPU.Build.0 = Debug|Any CPU
		{83540CDB-61E2-452F-B494-EB7C5EBAB91F}.Release|Any CPU.ActiveCfg = Release|Any CPU
		{83540CDB-61E2-452F-B494-EB7C5EBAB91F}.Release|Any CPU.Build.0 = Release|Any CPU
		{00A91529-D08D-4FCA-85C9-5197260AC087}.Debug|Any CPU.ActiveCfg = Debug|Any CPU
		{00A91529-D08D-4FCA-85C9-5197260AC087}.Debug|Any CPU.Build.0 = Debug|Any CPU
		{00A91529-D08D-4FCA-85C9-5197260AC087}.Release|Any CPU.ActiveCfg = Release|Any CPU
		{00A91529-D08D-4FCA-85C9-5197260AC087}.Release|Any CPU.Build.0 = Release|Any CPU
	EndGlobalSection
	GlobalSection(SolutionProperties) = preSolution
		HideSolutionNode = FALSE
	EndGlobalSection
	GlobalSection(NestedProjects) = preSolution
		{3667FBA4-5FBC-4E22-B2F1-A07F8C1A260C} = {D1EAED35-688E-4CD9-A875-F85958A647D3}
		{BF88CC11-8BB6-41EF-A2BE-85C72F005717} = {D1EAED35-688E-4CD9-A875-F85958A647D3}
		{45C4C82B-86CA-4660-9BFE-421AE234E41A} = {D1EAED35-688E-4CD9-A875-F85958A647D3}
		{1DD5F552-7F96-458C-93E9-E217A4E23B8E} = {D1EAED35-688E-4CD9-A875-F85958A647D3}
		{7855ABD1-2A05-4363-A326-2B77F0119938} = {3667FBA4-5FBC-4E22-B2F1-A07F8C1A260C}
		{FAAD74F6-D18A-40DD-A1E4-C7C8E293777E} = {BF88CC11-8BB6-41EF-A2BE-85C72F005717}
		{146AF4BA-B70B-4252-9C3D-1B6C0CD5E90E} = {BF88CC11-8BB6-41EF-A2BE-85C72F005717}
		{35ADA320-FBCE-4528-8842-83B5FCBD0634} = {45C4C82B-86CA-4660-9BFE-421AE234E41A}
		{621C8764-5FDD-409C-B17B-2AFFE6BCC26E} = {45C4C82B-86CA-4660-9BFE-421AE234E41A}
		{560C745B-6D65-4D28-82F1-11867DB0E594} = {1DD5F552-7F96-458C-93E9-E217A4E23B8E}
		{929585DA-496A-4CFF-B5CA-46A9C59C7184} = {1DD5F552-7F96-458C-93E9-E217A4E23B8E}
		{35EA9805-27C5-4119-821C-8668F03925A5} = {35ADA320-FBCE-4528-8842-83B5FCBD0634}
		{405DBFF8-DBEE-40C8-BD08-C859D3846135} = {35ADA320-FBCE-4528-8842-83B5FCBD0634}
	EndGlobalSection
	GlobalSection(ExtensibilityGlobals) = postSolution
		VisualSVNWorkingCopyRoot = .
	EndGlobalSection
	GlobalSection(SubversionScc) = preSolution
		Svn-Managed = True
		Manager = AnkhSVN - Subversion Support for Visual Studio
	EndGlobalSection
EndGlobal
